
Microsoft Visual Studio Solution File, Format Version 12.00
# Visual Studio Version 17
VisualStudioVersion = 17.8.34004.107
MinimumVisualStudioVersion = 10.0.40219.1
Project("{FAE04EC0-301F-11D3-BF4B-00C04F79EFBC}") = "Project2_34202676", "Project2_34202676\Project2_34202676.csproj", "{48E4086B-64B8-48D5-897F-10C7EC3C801E}"
EndProject
Global
	GlobalSection(SolutionConfigurationPlatforms) = preSolution
		Debug|Any CPU = Debug|Any CPU
		Release|Any CPU = Release|Any CPU
	EndGlobalSection
	GlobalSection(ProjectConfigurationPlatforms) = postSolution
		{48E4086B-64B8-48D5-897F-10C7EC3C801E}.Debug|Any CPU.ActiveCfg = Debug|Any CPU
		{48E4086B-64B8-48D5-897F-10C7EC3C801E}.Debug|Any CPU.Build.0 = Debug|Any CPU
		{48E4086B-64B8-48D5-897F-10C7EC3C801E}.Release|Any CPU.ActiveCfg = Release|Any CPU
		{48E4086B-64B8-48D5-897F-10C7EC3C801E}.Release|Any CPU.Build.0 = Release|Any CPU
	EndGlobalSection
	GlobalSection(SolutionProperties) = preSolution
		HideSolutionNode = FALSE
	EndGlobalSection
	GlobalSection(ExtensibilityGlobals) = postSolution
		SolutionGuid = {F03F4FCB-E8E3-449C-AA02-A83B13636769}
	EndGlobalSection
EndGlobal
